
Microsoft Visual Studio Solution File, Format Version 12.00
# Visual Studio Version 17
VisualStudioVersion = 17.8.34330.188
MinimumVisualStudioVersion = 10.0.40219.1
Project("{FAE04EC0-301F-11D3-BF4B-00C04F79EFBC}") = "API", "API\API.csproj", "{48B26B06-11C5-4580-AF64-886AB7AD4897}"
EndProject
Project("{FAE04EC0-301F-11D3-BF4B-00C04F79EFBC}") = "Core", "Core\Core.csproj", "{5217F4FC-97F4-4DD4-9DED-508E08F1F3ED}"
EndProject
Project("{FAE04EC0-301F-11D3-BF4B-00C04F79EFBC}") = "Data", "Data\Data.csproj", "{AE024963-D9C2-4101-B692-EC4652A39EA4}"
EndProject
Project("{FAE04EC0-301F-11D3-BF4B-00C04F79EFBC}") = "Entity", "Entity\Entity.csproj", "{BECAF03F-C7AB-4F1F-93F2-EB6D987B0FE2}"
EndProject
Project("{FAE04EC0-301F-11D3-BF4B-00C04F79EFBC}") = "Business", "Business\Business.csproj", "{00C9E77D-DFD8-4287-92FF-016C8A5DD9E6}"
EndProject
Global
	GlobalSection(SolutionConfigurationPlatforms) = preSolution
		Debug|Any CPU = Debug|Any CPU
		Release|Any CPU = Release|Any CPU
	EndGlobalSection
	GlobalSection(ProjectConfigurationPlatforms) = postSolution
		{48B26B06-11C5-4580-AF64-886AB7AD4897}.Debug|Any CPU.ActiveCfg = Debug|Any CPU
		{48B26B06-11C5-4580-AF64-886AB7AD4897}.Debug|Any CPU.Build.0 = Debug|Any CPU
		{48B26B06-11C5-4580-AF64-886AB7AD4897}.Release|Any CPU.ActiveCfg = Release|Any CPU
		{48B26B06-11C5-4580-AF64-886AB7AD4897}.Release|Any CPU.Build.0 = Release|Any CPU
		{5217F4FC-97F4-4DD4-9DED-508E08F1F3ED}.Debug|Any CPU.ActiveCfg = Debug|Any CPU
		{5217F4FC-97F4-4DD4-9DED-508E08F1F3ED}.Debug|Any CPU.Build.0 = Debug|Any CPU
		{5217F4FC-97F4-4DD4-9DED-508E08F1F3ED}.Release|Any CPU.ActiveCfg = Release|Any CPU
		{5217F4FC-97F4-4DD4-9DED-508E08F1F3ED}.Release|Any CPU.Build.0 = Release|Any CPU
		{AE024963-D9C2-4101-B692-EC4652A39EA4}.Debug|Any CPU.ActiveCfg = Debug|Any CPU
		{AE024963-D9C2-4101-B692-EC4652A39EA4}.Debug|Any CPU.Build.0 = Debug|Any CPU
		{AE024963-D9C2-4101-B692-EC4652A39EA4}.Release|Any CPU.ActiveCfg = Release|Any CPU
		{AE024963-D9C2-4101-B692-EC4652A39EA4}.Release|Any CPU.Build.0 = Release|Any CPU
		{BECAF03F-C7AB-4F1F-93F2-EB6D987B0FE2}.Debug|Any CPU.ActiveCfg = Debug|Any CPU
		{BECAF03F-C7AB-4F1F-93F2-EB6D987B0FE2}.Debug|Any CPU.Build.0 = Debug|Any CPU
		{BECAF03F-C7AB-4F1F-93F2-EB6D987B0FE2}.Release|Any CPU.ActiveCfg = Release|Any CPU
		{BECAF03F-C7AB-4F1F-93F2-EB6D987B0FE2}.Release|Any CPU.Build.0 = Release|Any CPU
		{00C9E77D-DFD8-4287-92FF-016C8A5DD9E6}.Debug|Any CPU.ActiveCfg = Debug|Any CPU
		{00C9E77D-DFD8-4287-92FF-016C8A5DD9E6}.Debug|Any CPU.Build.0 = Debug|Any CPU
		{00C9E77D-DFD8-4287-92FF-016C8A5DD9E6}.Release|Any CPU.ActiveCfg = Release|Any CPU
		{00C9E77D-DFD8-4287-92FF-016C8A5DD9E6}.Release|Any CPU.Build.0 = Release|Any CPU
	EndGlobalSection
	GlobalSection(SolutionProperties) = preSolution
		HideSolutionNode = FALSE
	EndGlobalSection
	GlobalSection(ExtensibilityGlobals) = postSolution
		SolutionGuid = {2240BEBF-1611-4262-BC88-0E8DDAFE6EA9}
	EndGlobalSection
EndGlobal
